
Microsoft Visual Studio Solution File, Format Version 12.00
# Visual Studio Version 17
VisualStudioVersion = 17.9.34622.214
MinimumVisualStudioVersion = 10.0.40219.1
Project("{888888A0-9F3D-457C-B088-3A5042F75D52}") = "UniLab10", "UniLab10.pyproj", "{5DFEBC80-D9A9-4FCD-8D8C-6794479C27C6}"
EndProject
Global
	GlobalSection(SolutionConfigurationPlatforms) = preSolution
		Debug|Any CPU = Debug|Any CPU
		Release|Any CPU = Release|Any CPU
	EndGlobalSection
	GlobalSection(ProjectConfigurationPlatforms) = postSolution
		{5DFEBC80-D9A9-4FCD-8D8C-6794479C27C6}.Debug|Any CPU.ActiveCfg = Debug|Any CPU
		{5DFEBC80-D9A9-4FCD-8D8C-6794479C27C6}.Release|Any CPU.ActiveCfg = Release|Any CPU
	EndGlobalSection
	GlobalSection(SolutionProperties) = preSolution
		HideSolutionNode = FALSE
	EndGlobalSection
	GlobalSection(ExtensibilityGlobals) = postSolution
		SolutionGuid = {E51F20C6-A870-46DD-8D6F-F0A6FD2CE76B}
	EndGlobalSection
EndGlobal
